
Microsoft Visual Studio Solution File, Format Version 12.00
# Visual Studio 15
VisualStudioVersion = 15.0.26124.0
MinimumVisualStudioVersion = 15.0.26124.0
Project("{FAE04EC0-301F-11D3-BF4B-00C04F79EFBC}") = "Domain", "Domain\Domain.csproj", "{D78E3BDC-F882-44EA-98AD-97F532E75B26}"
EndProject
Project("{FAE04EC0-301F-11D3-BF4B-00C04F79EFBC}") = "Application", "Application\Application.csproj", "{FF626F5A-14BE-4594-A28E-ECBBF3CF4CB6}"
EndProject
Project("{FAE04EC0-301F-11D3-BF4B-00C04F79EFBC}") = "Persistence", "Persistence\Persistence.csproj", "{ACD45611-5503-4754-AC31-FACF66AF324A}"
EndProject
Project("{FAE04EC0-301F-11D3-BF4B-00C04F79EFBC}") = "API", "API\API.csproj", "{9F5B83EA-C288-47D0-8886-964531D4A8B1}"
EndProject
Project("{FAE04EC0-301F-11D3-BF4B-00C04F79EFBC}") = "Infrastructure", "Infrastructure\Infrastructure.csproj", "{B0492200-5F4F-4480-B065-D55AA98F6A20}"
EndProject
Global
	GlobalSection(SolutionConfigurationPlatforms) = preSolution
		Debug|Any CPU = Debug|Any CPU
		Debug|x64 = Debug|x64
		Debug|x86 = Debug|x86
		Release|Any CPU = Release|Any CPU
		Release|x64 = Release|x64
		Release|x86 = Release|x86
	EndGlobalSection
	GlobalSection(SolutionProperties) = preSolution
		HideSolutionNode = FALSE
	EndGlobalSection
	GlobalSection(ProjectConfigurationPlatforms) = postSolution
		{D78E3BDC-F882-44EA-98AD-97F532E75B26}.Debug|Any CPU.ActiveCfg = Debug|Any CPU
		{D78E3BDC-F882-44EA-98AD-97F532E75B26}.Debug|Any CPU.Build.0 = Debug|Any CPU
		{D78E3BDC-F882-44EA-98AD-97F532E75B26}.Debug|x64.ActiveCfg = Debug|Any CPU
		{D78E3BDC-F882-44EA-98AD-97F532E75B26}.Debug|x64.Build.0 = Debug|Any CPU
		{D78E3BDC-F882-44EA-98AD-97F532E75B26}.Debug|x86.ActiveCfg = Debug|Any CPU
		{D78E3BDC-F882-44EA-98AD-97F532E75B26}.Debug|x86.Build.0 = Debug|Any CPU
		{D78E3BDC-F882-44EA-98AD-97F532E75B26}.Release|Any CPU.ActiveCfg = Release|Any CPU
		{D78E3BDC-F882-44EA-98AD-97F532E75B26}.Release|Any CPU.Build.0 = Release|Any CPU
		{D78E3BDC-F882-44EA-98AD-97F532E75B26}.Release|x64.ActiveCfg = Release|Any CPU
		{D78E3BDC-F882-44EA-98AD-97F532E75B26}.Release|x64.Build.0 = Release|Any CPU
		{D78E3BDC-F882-44EA-98AD-97F532E75B26}.Release|x86.ActiveCfg = Release|Any CPU
		{D78E3BDC-F882-44EA-98AD-97F532E75B26}.Release|x86.Build.0 = Release|Any CPU
		{FF626F5A-14BE-4594-A28E-ECBBF3CF4CB6}.Debug|Any CPU.ActiveCfg = Debug|Any CPU
		{FF626F5A-14BE-4594-A28E-ECBBF3CF4CB6}.Debug|Any CPU.Build.0 = Debug|Any CPU
		{FF626F5A-14BE-4594-A28E-ECBBF3CF4CB6}.Debug|x64.ActiveCfg = Debug|Any CPU
		{FF626F5A-14BE-4594-A28E-ECBBF3CF4CB6}.Debug|x64.Build.0 = Debug|Any CPU
		{FF626F5A-14BE-4594-A28E-ECBBF3CF4CB6}.Debug|x86.ActiveCfg = Debug|Any CPU
		{FF626F5A-14BE-4594-A28E-ECBBF3CF4CB6}.Debug|x86.Build.0 = Debug|Any CPU
		{FF626F5A-14BE-4594-A28E-ECBBF3CF4CB6}.Release|Any CPU.ActiveCfg = Release|Any CPU
		{FF626F5A-14BE-4594-A28E-ECBBF3CF4CB6}.Release|Any CPU.Build.0 = Release|Any CPU
		{FF626F5A-14BE-4594-A28E-ECBBF3CF4CB6}.Release|x64.ActiveCfg = Release|Any CPU
		{FF626F5A-14BE-4594-A28E-ECBBF3CF4CB6}.Release|x64.Build.0 = Release|Any CPU
		{FF626F5A-14BE-4594-A28E-ECBBF3CF4CB6}.Release|x86.ActiveCfg = Release|Any CPU
		{FF626F5A-14BE-4594-A28E-ECBBF3CF4CB6}.Release|x86.Build.0 = Release|Any CPU
		{ACD45611-5503-4754-AC31-FACF66AF324A}.Debug|Any CPU.ActiveCfg = Debug|Any CPU
		{ACD45611-5503-4754-AC31-FACF66AF324A}.Debug|Any CPU.Build.0 = Debug|Any CPU
		{ACD45611-5503-4754-AC31-FACF66AF324A}.Debug|x64.ActiveCfg = Debug|Any CPU
		{ACD45611-5503-4754-AC31-FACF66AF324A}.Debug|x64.Build.0 = Debug|Any CPU
		{ACD45611-5503-4754-AC31-FACF66AF324A}.Debug|x86.ActiveCfg = Debug|Any CPU
		{ACD45611-5503-4754-AC31-FACF66AF324A}.Debug|x86.Build.0 = Debug|Any CPU
		{ACD45611-5503-4754-AC31-FACF66AF324A}.Release|Any CPU.ActiveCfg = Release|Any CPU
		{ACD45611-5503-4754-AC31-FACF66AF324A}.Release|Any CPU.Build.0 = Release|Any CPU
		{ACD45611-5503-4754-AC31-FACF66AF324A}.Release|x64.ActiveCfg = Release|Any CPU
		{ACD45611-5503-4754-AC31-FACF66AF324A}.Release|x64.Build.0 = Release|Any CPU
		{ACD45611-5503-4754-AC31-FACF66AF324A}.Release|x86.ActiveCfg = Release|Any CPU
		{ACD45611-5503-4754-AC31-FACF66AF324A}.Release|x86.Build.0 = Release|Any CPU
		{9F5B83EA-C288-47D0-8886-964531D4A8B1}.Debug|Any CPU.ActiveCfg = Debug|Any CPU
		{9F5B83EA-C288-47D0-8886-964531D4A8B1}.Debug|Any CPU.Build.0 = Debug|Any CPU
		{9F5B83EA-C288-47D0-8886-964531D4A8B1}.Debug|x64.ActiveCfg = Debug|Any CPU
		{9F5B83EA-C288-47D0-8886-964531D4A8B1}.Debug|x64.Build.0 = Debug|Any CPU
		{9F5B83EA-C288-47D0-8886-964531D4A8B1}.Debug|x86.ActiveCfg = Debug|Any CPU
		{9F5B83EA-C288-47D0-8886-964531D4A8B1}.Debug|x86.Build.0 = Debug|Any CPU
		{9F5B83EA-C288-47D0-8886-964531D4A8B1}.Release|Any CPU.ActiveCfg = Release|Any CPU
		{9F5B83EA-C288-47D0-8886-964531D4A8B1}.Release|Any CPU.Build.0 = Release|Any CPU
		{9F5B83EA-C288-47D0-8886-964531D4A8B1}.Release|x64.ActiveCfg = Release|Any CPU
		{9F5B83EA-C288-47D0-8886-964531D4A8B1}.Release|x64.Build.0 = Release|Any CPU
		{9F5B83EA-C288-47D0-8886-964531D4A8B1}.Release|x86.ActiveCfg = Release|Any CPU
		{9F5B83EA-C288-47D0-8886-964531D4A8B1}.Release|x86.Build.0 = Release|Any CPU
		{B0492200-5F4F-4480-B065-D55AA98F6A20}.Debug|Any CPU.ActiveCfg = Debug|Any CPU
		{B0492200-5F4F-4480-B065-D55AA98F6A20}.Debug|Any CPU.Build.0 = Debug|Any CPU
		{B0492200-5F4F-4480-B065-D55AA98F6A20}.Debug|x64.ActiveCfg = Debug|Any CPU
		{B0492200-5F4F-4480-B065-D55AA98F6A20}.Debug|x64.Build.0 = Debug|Any CPU
		{B0492200-5F4F-4480-B065-D55AA98F6A20}.Debug|x86.ActiveCfg = Debug|Any CPU
		{B0492200-5F4F-4480-B065-D55AA98F6A20}.Debug|x86.Build.0 = Debug|Any CPU
		{B0492200-5F4F-4480-B065-D55AA98F6A20}.Release|Any CPU.ActiveCfg = Release|Any CPU
		{B0492200-5F4F-4480-B065-D55AA98F6A20}.Release|Any CPU.Build.0 = Release|Any CPU
		{B0492200-5F4F-4480-B065-D55AA98F6A20}.Release|x64.ActiveCfg = Release|Any CPU
		{B0492200-5F4F-4480-B065-D55AA98F6A20}.Release|x64.Build.0 = Release|Any CPU
		{B0492200-5F4F-4480-B065-D55AA98F6A20}.Release|x86.ActiveCfg = Release|Any CPU
		{B0492200-5F4F-4480-B065-D55AA98F6A20}.Release|x86.Build.0 = Release|Any CPU
	EndGlobalSection
EndGlobal
